<?xml version="1.0" encoding="utf-8"?>
<Project ToolsVersion="4.0" xmlns="http://schemas.microsoft.com/developer/msbuild/2003">
  <ItemGroup>
    <Filter Include="Source Files">
      <UniqueIdentifier>{4FC737F1-C7A5-4376-A066-2A32D752A2FF}</UniqueIdentifier>
      <Extensions>cpp;c;cc;cxx;def;odl;idl;hpj;bat;asm;asmx</Extensions>
    </Filter>
    <Filter Include="Header Files">
      <UniqueIdentifier>{93995380-89BD-4b04-88EB-625FBE52EBFB}</UniqueIdentifier>
      <Extensions>h;hpp;hxx;hm;inl;inc;xsd</Extensions>
    </Filter>
    <Filter Include="Resource Files">
      <UniqueIdentifier>{67DA6AB6-F800-4c08-8B7A-83BB121AAD01}</UniqueIdentifier>
      <Extensions>rc;ico;cur;bmp;dlg;rc2;rct;bin;rgs;gif;jpg;jpeg;jpe;resx;tiff;tif;png;wav;mfcribbon-ms</Extensions>
    </Filter>
    <Filter Include="Generated Files">
      <UniqueIdentifier>{bbf0571d-d4cb-47f1-a131-18097676949e}</UniqueIdentifier>
    </Filter>
    <Filter Include="Inline Files">
      <UniqueIdentifier>{5df8b388-d84e-4756-bbe9-b3fa63bf759a}</UniqueIdentifier>
    </Filter>
    <Filter Include="Network">
      <UniqueIdentifier>{de4d3517-5586-4775-806d-a05e16263568}</UniqueIdentifier>
    </Filter>
  </ItemGroup>
  <ItemGroup>
    <None Include="Source\DiCondition.inl">
      <Filter>Inline Files</Filter>
    </None>
    <None Include="Source\DiFilter.inl">
      <Filter>Inline Files</Filter>
    </None>
    <None Include="Source\DiRoot.inl">
      <Filter>Inline Files</Filter>
    </None>
    <None Include="Source\DiSelection.inl">
      <Filter>Inline Files</Filter>
    </None>
    <None Include="Source\DiSequence.inl">
      <Filter>Inline Files</Filter>
    </None>
    <None Include="Source\DiTask.inl">
      <Filter>Inline Files</Filter>
    </None>
    <None Include="Source\DiFactory.inl">
      <Filter>Inline Files</Filter>
    </None>
  </ItemGroup>
  <ItemGroup>
    <ClInclude Include="Source\DiTask.h">
      <Filter>Header Files</Filter>
    </ClInclude>
    <ClInclude Include="Source\DiDataTypes.h">
      <Filter>Header Files</Filter>
    </ClInclude>
    <ClInclude Include="Source\DiTimer.h">
      <Filter>Header Files</Filter>
    </ClInclude>
    <ClInclude Include="Source\DiCondition.h">
      <Filter>Header Files</Filter>
    </ClInclude>
    <ClInclude Include="Source\DiFilter.h">
      <Filter>Header Files</Filter>
    </ClInclude>
    <ClInclude Include="Source\DiSequence.h">
      <Filter>Header Files</Filter>
    </ClInclude>
    <ClInclude Include="Source\DiSelection.h">
      <Filter>Header Files</Filter>
    </ClInclude>
    <ClInclude Include="Source\DiFactory.h">
      <Filter>Header Files</Filter>
    </ClInclude>
    <ClInclude Include="Source\DiRoot.h">
      <Filter>Header Files</Filter>
    </ClInclude>
    <ClInclude Include="Source\WinsockInclude.h">
      <Filter>Network</Filter>
    </ClInclude>
    <ClInclude Include="Source\DiDebugger.h">
      <Filter>Network</Filter>
    </ClInclude>
    <ClInclude Include="Source\DiNetwork.h">
      <Filter>Network</Filter>
    </ClInclude>
    <ClInclude Include="Source\DiBase.h">
      <Filter>Header Files</Filter>
    </ClInclude>
  </ItemGroup>
  <ItemGroup>
    <ClCompile Include="Source\DiTimer.cpp">
      <Filter>Source Files</Filter>
    </ClCompile>
    <ClCompile Include="Source\DiNetwork.cpp">
      <Filter>Network</Filter>
    </ClCompile>
    <ClCompile Include="Source\DiBase.cpp">
      <Filter>Source Files</Filter>
    </ClCompile>
  </ItemGroup>
</Project>